{
  "name": "helloworld",
  "version": "1.0.0",
  "lockfileVersion": 1,
  "requires": true,
  "dependencies": {
    "@PuAlbert/sayhi": {
      "version": "1.1.1",
      "resolved": "https://npm.pkg.github.com/download/@PuAlbert/sayhi/1.1.1/d9556cd84e23951e441b0ef428cf122eb6c255e66d05f4391f3731f5258d6d7d",
      "integrity": "sha512-z68W6sjV81OSpxPk3kanPTcF4zXNjS0YoMpCXN4Y4dbUAr3MrSuB0KjlQ+GuGhkNb3/f78ABf/JtzVThu/cukQ=="
    }
  }
}
